
Microsoft Visual Studio Solution File, Format Version 12.00
# Visual Studio 14
VisualStudioVersion = 14.0.25420.1
MinimumVisualStudioVersion = 10.0.40219.1
Project("{FAE04EC0-301F-11D3-BF4B-00C04F79EFBC}") = "Ark.Core", "Ark.Core\Ark.Core.csproj", "{44226F7A-FC00-4679-BA91-37FA17A60815}"
EndProject
Project("{FAE04EC0-301F-11D3-BF4B-00C04F79EFBC}") = "Ark.WPF.Infra", "Ark.WPF.Infra\Ark.WPF.Infra.csproj", "{BC016B91-DC8D-4D3C-8445-478735201A98}"
EndProject
Project("{FAE04EC0-301F-11D3-BF4B-00C04F79EFBC}") = "Ark.WPF.Modern", "Ark.WPF.Modern\Ark.WPF.Modern.csproj", "{DB006238-A15E-414F-8EC8-7C88D2255FB4}"
EndProject
Project("{FAE04EC0-301F-11D3-BF4B-00C04F79EFBC}") = "Sample", "Sample\Sample.csproj", "{9E759FB3-DD24-4B74-9EA3-58B2826D4548}"
EndProject
Global
	GlobalSection(SolutionConfigurationPlatforms) = preSolution
		Debug|Any CPU = Debug|Any CPU
		Debug|x86 = Debug|x86
		Release|Any CPU = Release|Any CPU
		Release|x86 = Release|x86
	EndGlobalSection
	GlobalSection(ProjectConfigurationPlatforms) = postSolution
		{44226F7A-FC00-4679-BA91-37FA17A60815}.Debug|Any CPU.ActiveCfg = Debug|Any CPU
		{44226F7A-FC00-4679-BA91-37FA17A60815}.Debug|Any CPU.Build.0 = Debug|Any CPU
		{44226F7A-FC00-4679-BA91-37FA17A60815}.Debug|x86.ActiveCfg = Debug|x86
		{44226F7A-FC00-4679-BA91-37FA17A60815}.Debug|x86.Build.0 = Debug|x86
		{44226F7A-FC00-4679-BA91-37FA17A60815}.Release|Any CPU.ActiveCfg = Release|Any CPU
		{44226F7A-FC00-4679-BA91-37FA17A60815}.Release|Any CPU.Build.0 = Release|Any CPU
		{44226F7A-FC00-4679-BA91-37FA17A60815}.Release|x86.ActiveCfg = Release|x86
		{44226F7A-FC00-4679-BA91-37FA17A60815}.Release|x86.Build.0 = Release|x86
		{BC016B91-DC8D-4D3C-8445-478735201A98}.Debug|Any CPU.ActiveCfg = Debug|Any CPU
		{BC016B91-DC8D-4D3C-8445-478735201A98}.Debug|Any CPU.Build.0 = Debug|Any CPU
		{BC016B91-DC8D-4D3C-8445-478735201A98}.Debug|x86.ActiveCfg = Debug|x86
		{BC016B91-DC8D-4D3C-8445-478735201A98}.Debug|x86.Build.0 = Debug|x86
		{BC016B91-DC8D-4D3C-8445-478735201A98}.Release|Any CPU.ActiveCfg = Release|Any CPU
		{BC016B91-DC8D-4D3C-8445-478735201A98}.Release|Any CPU.Build.0 = Release|Any CPU
		{BC016B91-DC8D-4D3C-8445-478735201A98}.Release|x86.ActiveCfg = Release|x86
		{BC016B91-DC8D-4D3C-8445-478735201A98}.Release|x86.Build.0 = Release|x86
		{DB006238-A15E-414F-8EC8-7C88D2255FB4}.Debug|Any CPU.ActiveCfg = Debug|Any CPU
		{DB006238-A15E-414F-8EC8-7C88D2255FB4}.Debug|Any CPU.Build.0 = Debug|Any CPU
		{DB006238-A15E-414F-8EC8-7C88D2255FB4}.Debug|x86.ActiveCfg = Debug|x86
		{DB006238-A15E-414F-8EC8-7C88D2255FB4}.Debug|x86.Build.0 = Debug|x86
		{DB006238-A15E-414F-8EC8-7C88D2255FB4}.Release|Any CPU.ActiveCfg = Release|Any CPU
		{DB006238-A15E-414F-8EC8-7C88D2255FB4}.Release|Any CPU.Build.0 = Release|Any CPU
		{DB006238-A15E-414F-8EC8-7C88D2255FB4}.Release|x86.ActiveCfg = Release|x86
		{DB006238-A15E-414F-8EC8-7C88D2255FB4}.Release|x86.Build.0 = Release|x86
		{9E759FB3-DD24-4B74-9EA3-58B2826D4548}.Debug|Any CPU.ActiveCfg = Debug|Any CPU
		{9E759FB3-DD24-4B74-9EA3-58B2826D4548}.Debug|Any CPU.Build.0 = Debug|Any CPU
		{9E759FB3-DD24-4B74-9EA3-58B2826D4548}.Debug|x86.ActiveCfg = Debug|Any CPU
		{9E759FB3-DD24-4B74-9EA3-58B2826D4548}.Debug|x86.Build.0 = Debug|Any CPU
		{9E759FB3-DD24-4B74-9EA3-58B2826D4548}.Release|Any CPU.ActiveCfg = Release|Any CPU
		{9E759FB3-DD24-4B74-9EA3-58B2826D4548}.Release|Any CPU.Build.0 = Release|Any CPU
		{9E759FB3-DD24-4B74-9EA3-58B2826D4548}.Release|x86.ActiveCfg = Release|Any CPU
		{9E759FB3-DD24-4B74-9EA3-58B2826D4548}.Release|x86.Build.0 = Release|Any CPU
	EndGlobalSection
	GlobalSection(SolutionProperties) = preSolution
		HideSolutionNode = FALSE
	EndGlobalSection
EndGlobal
